
Microsoft Visual Studio Solution File, Format Version 12.00
# Visual Studio Version 17
VisualStudioVersion = 17.8.34322.80
MinimumVisualStudioVersion = 10.0.40219.1
Project("{FAE04EC0-301F-11D3-BF4B-00C04F79EFBC}") = "ProjectNFIXED", "ProjectNFIXED\ProjectNFIXED.csproj", "{32541154-7EED-4C2F-8933-B4CDE8E4ECAC}"
EndProject
Global
	GlobalSection(SolutionConfigurationPlatforms) = preSolution
		Debug|Any CPU = Debug|Any CPU
		Release|Any CPU = Release|Any CPU
	EndGlobalSection
	GlobalSection(ProjectConfigurationPlatforms) = postSolution
		{32541154-7EED-4C2F-8933-B4CDE8E4ECAC}.Debug|Any CPU.ActiveCfg = Debug|Any CPU
		{32541154-7EED-4C2F-8933-B4CDE8E4ECAC}.Debug|Any CPU.Build.0 = Debug|Any CPU
		{32541154-7EED-4C2F-8933-B4CDE8E4ECAC}.Release|Any CPU.ActiveCfg = Release|Any CPU
		{32541154-7EED-4C2F-8933-B4CDE8E4ECAC}.Release|Any CPU.Build.0 = Release|Any CPU
	EndGlobalSection
	GlobalSection(SolutionProperties) = preSolution
		HideSolutionNode = FALSE
	EndGlobalSection
	GlobalSection(ExtensibilityGlobals) = postSolution
		SolutionGuid = {8D20BF85-C344-4D4A-9846-74170233B83C}
	EndGlobalSection
EndGlobal
